
Microsoft Visual Studio Solution File, Format Version 12.00
# Visual Studio 14
VisualStudioVersion = 14.0.25420.1
MinimumVisualStudioVersion = 10.0.40219.1
Project("{FAE04EC0-301F-11D3-BF4B-00C04F79EFBC}") = "TeamExplorerSamplePlugin", "TeamExplorerSamplePlugin\TeamExplorerSamplePlugin.csproj", "{99A85F23-5F81-4CE3-9B14-8D4C429A92FD}"
EndProject
Global
	GlobalSection(SolutionConfigurationPlatforms) = preSolution
		Debug|Any CPU = Debug|Any CPU
		Release|Any CPU = Release|Any CPU
	EndGlobalSection
	GlobalSection(ProjectConfigurationPlatforms) = postSolution
		{99A85F23-5F81-4CE3-9B14-8D4C429A92FD}.Debug|Any CPU.ActiveCfg = Debug|Any CPU
		{99A85F23-5F81-4CE3-9B14-8D4C429A92FD}.Debug|Any CPU.Build.0 = Debug|Any CPU
		{99A85F23-5F81-4CE3-9B14-8D4C429A92FD}.Release|Any CPU.ActiveCfg = Release|Any CPU
		{99A85F23-5F81-4CE3-9B14-8D4C429A92FD}.Release|Any CPU.Build.0 = Release|Any CPU
	EndGlobalSection
	GlobalSection(SolutionProperties) = preSolution
		HideSolutionNode = FALSE
	EndGlobalSection
EndGlobal
